{
  "name": "websocket-demo-dissertation",
  "version": "1.0.0",
  "lockfileVersion": 2,
  "requires": true,
  "packages": {
    "": {
      "name": "websocket-demo-dissertation",
      "version": "1.0.0",
      "license": "MIT",
      "dependencies": {
        "@tombanksme/websockets": "^0.0.1"
      },
      "devDependencies": {
        "@types/node": "^17.0.31",
        "typescript": "^4.6.4"
      }
    },
    "node_modules/@tombanksme/websockets": {
      "version": "0.0.1",
      "resolved": "https://registry.npmjs.org/@tombanksme/websockets/-/websockets-0.0.1.tgz",
      "integrity": "sha512-TGQDfrsqbZ7sHCbA0Fa/KV3SedZ7LukJL6zG+c2IyOBu/gVEjjwI+rMXEkDDIuGytfhUY7XxfzfTr39oy9aOsA=="
    },
    "node_modules/@types/node": {
      "version": "17.0.31",
      "resolved": "https://registry.npmjs.org/@types/node/-/node-17.0.31.tgz",
      "integrity": "sha512-AR0x5HbXGqkEx9CadRH3EBYx/VkiUgZIhP4wvPn/+5KIsgpNoyFaRlVe0Zlx9gRtg8fA06a9tskE2MSN7TcG4Q==",
      "dev": true
    },
    "node_modules/typescript": {
      "version": "4.6.4",
      "resolved": "https://registry.npmjs.org/typescript/-/typescript-4.6.4.tgz",
      "integrity": "sha512-9ia/jWHIEbo49HfjrLGfKbZSuWo9iTMwXO+Ca3pRsSpbsMbc7/IU8NKdCZVRRBafVPGnoJeFL76ZOAA84I9fEg==",
      "dev": true,
      "bin": {
        "tsc": "bin/tsc",
        "tsserver": "bin/tsserver"
      },
      "engines": {
        "node": ">=4.2.0"
      }
    }
  },
  "dependencies": {
    "@tombanksme/websockets": {
      "version": "0.0.1",
      "resolved": "https://registry.npmjs.org/@tombanksme/websockets/-/websockets-0.0.1.tgz",
      "integrity": "sha512-TGQDfrsqbZ7sHCbA0Fa/KV3SedZ7LukJL6zG+c2IyOBu/gVEjjwI+rMXEkDDIuGytfhUY7XxfzfTr39oy9aOsA=="
    },
    "@types/node": {
      "version": "17.0.31",
      "resolved": "https://registry.npmjs.org/@types/node/-/node-17.0.31.tgz",
      "integrity": "sha512-AR0x5HbXGqkEx9CadRH3EBYx/VkiUgZIhP4wvPn/+5KIsgpNoyFaRlVe0Zlx9gRtg8fA06a9tskE2MSN7TcG4Q==",
      "dev": true
    },
    "typescript": {
      "version": "4.6.4",
      "resolved": "https://registry.npmjs.org/typescript/-/typescript-4.6.4.tgz",
      "integrity": "sha512-9ia/jWHIEbo49HfjrLGfKbZSuWo9iTMwXO+Ca3pRsSpbsMbc7/IU8NKdCZVRRBafVPGnoJeFL76ZOAA84I9fEg==",
      "dev": true
    }
  }
}
